{
    "name": "advent-of-code",
    "version": "0.0.0",
    "lockfileVersion": 3,
    "requires": true,
    "packages": {
        "": {
            "name": "advent-of-code",
            "version": "0.0.0",
            "license": "AGPL-3.0-or-later",
            "dependencies": {
                "@graph-algorithm/minimum-cut": "^2.0.0",
                "a-star": "^0.2.0"
            },
            "devDependencies": {
                "@biomejs/biome": "^2.3.8",
                "@types/a-star": "^0.2.0",
                "@types/node": "^24.10.1",
                "typescript": ">=5.9.3"
            }
        },
        "node_modules/@biomejs/biome": {
            "version": "2.3.8",
            "resolved": "https://registry.npmjs.org/@biomejs/biome/-/biome-2.3.8.tgz",
            "integrity": "sha512-Qjsgoe6FEBxWAUzwFGFrB+1+M8y/y5kwmg5CHac+GSVOdmOIqsAiXM5QMVGZJ1eCUCLlPZtq4aFAQ0eawEUuUA==",
            "dev": true,
            "license": "MIT OR Apache-2.0",
            "bin": {
                "biome": "bin/biome"
            },
            "engines": {
                "node": ">=14.21.3"
            },
            "funding": {
                "type": "opencollective",
                "url": "https://opencollective.com/biome"
            },
            "optionalDependencies": {
                "@biomejs/cli-darwin-arm64": "2.3.8",
                "@biomejs/cli-darwin-x64": "2.3.8",
                "@biomejs/cli-linux-arm64": "2.3.8",
                "@biomejs/cli-linux-arm64-musl": "2.3.8",
                "@biomejs/cli-linux-x64": "2.3.8",
                "@biomejs/cli-linux-x64-musl": "2.3.8",
                "@biomejs/cli-win32-arm64": "2.3.8",
                "@biomejs/cli-win32-x64": "2.3.8"
            }
        },
        "node_modules/@biomejs/cli-darwin-arm64": {
            "version": "2.3.8",
            "resolved": "https://registry.npmjs.org/@biomejs/cli-darwin-arm64/-/cli-darwin-arm64-2.3.8.tgz",
            "integrity": "sha512-HM4Zg9CGQ3txTPflxD19n8MFPrmUAjaC7PQdLkugeeC0cQ+PiVrd7i09gaBS/11QKsTDBJhVg85CEIK9f50Qww==",
            "cpu": [
                "arm64"
            ],
            "dev": true,
            "license": "MIT OR Apache-2.0",
            "optional": true,
            "os": [
                "darwin"
            ],
            "engines": {
                "node": ">=14.21.3"
            }
        },
        "node_modules/@biomejs/cli-darwin-x64": {
            "version": "2.3.8",
            "resolved": "https://registry.npmjs.org/@biomejs/cli-darwin-x64/-/cli-darwin-x64-2.3.8.tgz",
            "integrity": "sha512-lUDQ03D7y/qEao7RgdjWVGCu+BLYadhKTm40HkpJIi6kn8LSv5PAwRlew/DmwP4YZ9ke9XXoTIQDO1vAnbRZlA==",
            "cpu": [
                "x64"
            ],
            "dev": true,
            "license": "MIT OR Apache-2.0",
            "optional": true,
            "os": [
                "darwin"
            ],
            "engines": {
                "node": ">=14.21.3"
            }
        },
        "node_modules/@biomejs/cli-linux-arm64": {
            "version": "2.3.8",
            "resolved": "https://registry.npmjs.org/@biomejs/cli-linux-arm64/-/cli-linux-arm64-2.3.8.tgz",
            "integrity": "sha512-Uo1OJnIkJgSgF+USx970fsM/drtPcQ39I+JO+Fjsaa9ZdCN1oysQmy6oAGbyESlouz+rzEckLTF6DS7cWse95g==",
            "cpu": [
                "arm64"
            ],
            "dev": true,
            "license": "MIT OR Apache-2.0",
            "optional": true,
            "os": [
                "linux"
            ],
            "engines": {
                "node": ">=14.21.3"
            }
        },
        "node_modules/@biomejs/cli-linux-arm64-musl": {
            "version": "2.3.8",
            "resolved": "https://registry.npmjs.org/@biomejs/cli-linux-arm64-musl/-/cli-linux-arm64-musl-2.3.8.tgz",
            "integrity": "sha512-PShR4mM0sjksUMyxbyPNMxoKFPVF48fU8Qe8Sfx6w6F42verbwRLbz+QiKNiDPRJwUoMG1nPM50OBL3aOnTevA==",
            "cpu": [
                "arm64"
            ],
            "dev": true,
            "license": "MIT OR Apache-2.0",
            "optional": true,
            "os": [
                "linux"
            ],
            "engines": {
                "node": ">=14.21.3"
            }
        },
        "node_modules/@biomejs/cli-linux-x64": {
            "version": "2.3.8",
            "resolved": "https://registry.npmjs.org/@biomejs/cli-linux-x64/-/cli-linux-x64-2.3.8.tgz",
            "integrity": "sha512-QDPMD5bQz6qOVb3kiBui0zKZXASLo0NIQ9JVJio5RveBEFgDgsvJFUvZIbMbUZT3T00M/1wdzwWXk4GIh0KaAw==",
            "cpu": [
                "x64"
            ],
            "dev": true,
            "license": "MIT OR Apache-2.0",
            "optional": true,
            "os": [
                "linux"
            ],
            "engines": {
                "node": ">=14.21.3"
            }
        },
        "node_modules/@biomejs/cli-linux-x64-musl": {
            "version": "2.3.8",
            "resolved": "https://registry.npmjs.org/@biomejs/cli-linux-x64-musl/-/cli-linux-x64-musl-2.3.8.tgz",
            "integrity": "sha512-YGLkqU91r1276uwSjiUD/xaVikdxgV1QpsicT0bIA1TaieM6E5ibMZeSyjQ/izBn4tKQthUSsVZacmoJfa3pDA==",
            "cpu": [
                "x64"
            ],
            "dev": true,
            "license": "MIT OR Apache-2.0",
            "optional": true,
            "os": [
                "linux"
            ],
            "engines": {
                "node": ">=14.21.3"
            }
        },
        "node_modules/@biomejs/cli-win32-arm64": {
            "version": "2.3.8",
            "resolved": "https://registry.npmjs.org/@biomejs/cli-win32-arm64/-/cli-win32-arm64-2.3.8.tgz",
            "integrity": "sha512-H4IoCHvL1fXKDrTALeTKMiE7GGWFAraDwBYFquE/L/5r1927Te0mYIGseXi4F+lrrwhSWbSGt5qPFswNoBaCxg==",
            "cpu": [
                "arm64"
            ],
            "dev": true,
            "license": "MIT OR Apache-2.0",
            "optional": true,
            "os": [
                "win32"
            ],
            "engines": {
                "node": ">=14.21.3"
            }
        },
        "node_modules/@biomejs/cli-win32-x64": {
            "version": "2.3.8",
            "resolved": "https://registry.npmjs.org/@biomejs/cli-win32-x64/-/cli-win32-x64-2.3.8.tgz",
            "integrity": "sha512-RguzimPoZWtBapfKhKjcWXBVI91tiSprqdBYu7tWhgN8pKRZhw24rFeNZTNf6UiBfjCYCi9eFQs/JzJZIhuK4w==",
            "cpu": [
                "x64"
            ],
            "dev": true,
            "license": "MIT OR Apache-2.0",
            "optional": true,
            "os": [
                "win32"
            ],
            "engines": {
                "node": ">=14.21.3"
            }
        },
        "node_modules/@data-structure/deque": {
            "version": "9.0.1",
            "resolved": "https://registry.npmjs.org/@data-structure/deque/-/deque-9.0.1.tgz",
            "integrity": "sha512-/LSOEPmWGZ10OiKfje06GNDM/fzbY1ZfXyvZKr+/a79ZTlGoTwsQW1uPvtmQDtBzs2h2VbPjHho4zNSP5YH0Zg==",
            "hasInstallScript": true,
            "license": "AGPL-3.0",
            "dependencies": {
                "@failure-abstraction/error": "^6.0.1"
            }
        },
        "node_modules/@failure-abstraction/error": {
            "version": "6.0.1",
            "resolved": "https://registry.npmjs.org/@failure-abstraction/error/-/error-6.0.1.tgz",
            "integrity": "sha512-KvIHhvwfrgbUduQbk55WRDGL2XcXjDLwleId+pSnK7mUUIY7zMGMy3N+ouDcOFymme48tKDlarKsYj5mEEd3fg==",
            "hasInstallScript": true,
            "license": "AGPL-3.0"
        },
        "node_modules/@graph-algorithm/minimum-cut": {
            "version": "2.0.0",
            "resolved": "https://registry.npmjs.org/@graph-algorithm/minimum-cut/-/minimum-cut-2.0.0.tgz",
            "integrity": "sha512-FKCejPcMHfr2lM/lTIqT2Yuel97kL2rv4D9UjwHNyL9uB4vqU/cvBEBjCV0tOwKfhCkg5GuBDQqxfjELkOmY0A==",
            "hasInstallScript": true,
            "license": "AGPL-3.0",
            "dependencies": {
                "@heap-data-structure/pairing-heap": "^4.0.0",
                "@iterable-iterator/list": "^1.0.1",
                "@iterable-iterator/map": "^1.0.1",
                "@iterable-iterator/reduce": "^1.0.1",
                "@iterable-iterator/slice": "^1.0.1",
                "@total-order/key": "^1.0.0",
                "@total-order/primitive": "^1.0.1"
            }
        },
        "node_modules/@heap-data-structure/pairing-heap": {
            "version": "4.0.0",
            "resolved": "https://registry.npmjs.org/@heap-data-structure/pairing-heap/-/pairing-heap-4.0.0.tgz",
            "integrity": "sha512-4wmedekJpr+gkktJ7VnmXTBvJWxvHmWtJT7uvS3cl7vzI4iDGaVVMPqdoWWIPZfaDkgd0kprb6XKBGaO7oFe5A==",
            "hasInstallScript": true,
            "license": "AGPL-3.0"
        },
        "node_modules/@iterable-iterator/consume": {
            "version": "1.0.1",
            "resolved": "https://registry.npmjs.org/@iterable-iterator/consume/-/consume-1.0.1.tgz",
            "integrity": "sha512-KVJufzV8/gOnYqrtO4CFdGZopJ5kkUBhzHcbU0iToOv5aTl0igxnsRzCaDSxUgO4q0mDbf9WEfjz4K39cl1iNA==",
            "hasInstallScript": true,
            "license": "AGPL-3.0"
        },
        "node_modules/@iterable-iterator/iter": {
            "version": "1.0.1",
            "resolved": "https://registry.npmjs.org/@iterable-iterator/iter/-/iter-1.0.1.tgz",
            "integrity": "sha512-/C/Ciq69we9C0wvqx0rOdnpXAoSW+UnyIV/ZQrUYDzmtguvUQ4HjiIPcU2Csdh705VS6TMkUhoaBHIGh44V3OA==",
            "hasInstallScript": true,
            "license": "AGPL-3.0"
        },
        "node_modules/@iterable-iterator/list": {
            "version": "1.0.1",
            "resolved": "https://registry.npmjs.org/@iterable-iterator/list/-/list-1.0.1.tgz",
            "integrity": "sha512-234a2cf0a0YhD1Ofb3F0xSjXDkqDK1xCiLnXoMUt/DWAt/odAvJToaxEFMemiKlAUvqF6E8MSi2v2UvlIOpBUA==",
            "hasInstallScript": true,
            "license": "AGPL-3.0"
        },
        "node_modules/@iterable-iterator/map": {
            "version": "1.0.1",
            "resolved": "https://registry.npmjs.org/@iterable-iterator/map/-/map-1.0.1.tgz",
            "integrity": "sha512-lUvX8/OCYRdof3eZii8ntJUvqW1MlL2ESkIcQj3cagajKVfBIBj058wE4ScrzQl6U2udMva/n2NwP70smdfZ+g==",
            "hasInstallScript": true,
            "license": "AGPL-3.0"
        },
        "node_modules/@iterable-iterator/reduce": {
            "version": "1.0.1",
            "resolved": "https://registry.npmjs.org/@iterable-iterator/reduce/-/reduce-1.0.1.tgz",
            "integrity": "sha512-/wwXupEhGb0cwVr4MDbuweD5tZ+wtd8fr8HkWwNre1lZn76Utu0um7nnhFpm9Mk3hifZzrH5dcKLhKB3VEuL/g==",
            "hasInstallScript": true,
            "license": "AGPL-3.0",
            "dependencies": {
                "@iterable-iterator/iter": "^1.0.1"
            }
        },
        "node_modules/@iterable-iterator/slice": {
            "version": "1.0.2",
            "resolved": "https://registry.npmjs.org/@iterable-iterator/slice/-/slice-1.0.2.tgz",
            "integrity": "sha512-r6Z/RPZz4q8GAmqSDlHjTlHpFMDYmBlNQYZ4Rqp7xjn1ihsFVw+7WYH5ivPk11UbE/Inz1ZuBc01/vqT1F9U/g==",
            "hasInstallScript": true,
            "license": "AGPL-3.0",
            "dependencies": {
                "@data-structure/deque": "^9.0.1",
                "@iterable-iterator/consume": "^1.0.1",
                "@iterable-iterator/iter": "^1.0.1"
            }
        },
        "node_modules/@total-order/key": {
            "version": "1.0.0",
            "resolved": "https://registry.npmjs.org/@total-order/key/-/key-1.0.0.tgz",
            "integrity": "sha512-IPrGrxeqP6Oe7b1hrjUzDIWqMiLZV1qmlugbburk4neQKNPyjvQD1WKl0cCNepA20bwS/HrCyCCbRHPAsFm2rA==",
            "hasInstallScript": true,
            "license": "AGPL-3.0"
        },
        "node_modules/@total-order/primitive": {
            "version": "1.0.1",
            "resolved": "https://registry.npmjs.org/@total-order/primitive/-/primitive-1.0.1.tgz",
            "integrity": "sha512-BXCXyXoQIpdwFkplPRTuxFB0I1GHHia4t22bLAEqjdk48DFwQMwSbHq1EdLA81X/eFC/b6RdVxG4Q+WEcfs0aA==",
            "hasInstallScript": true,
            "license": "AGPL-3.0"
        },
        "node_modules/@types/a-star": {
            "version": "0.2.0",
            "resolved": "https://registry.npmjs.org/@types/a-star/-/a-star-0.2.0.tgz",
            "integrity": "sha512-J6CT4TqGCkQ3YTzmQXVA/NJoW+RFu29RcaFUWaRpjSUDm1QWRsV77MfbmUwlAh1tmXZMez0X9Gqp1+DbF9vBeA==",
            "dev": true,
            "license": "MIT"
        },
        "node_modules/@types/node": {
            "version": "24.10.1",
            "resolved": "https://registry.npmjs.org/@types/node/-/node-24.10.1.tgz",
            "integrity": "sha512-GNWcUTRBgIRJD5zj+Tq0fKOJ5XZajIiBroOF0yvj2bSU1WvNdYS/dn9UxwsujGW4JX06dnHyjV2y9rRaybH0iQ==",
            "dev": true,
            "license": "MIT",
            "dependencies": {
                "undici-types": "~7.16.0"
            }
        },
        "node_modules/a-star": {
            "version": "0.2.0",
            "resolved": "https://registry.npmjs.org/a-star/-/a-star-0.2.0.tgz",
            "integrity": "sha512-8tnUNOOneo7w5MnhQc9VuTAaVAWf+gg5j/bIm6QF77TmC40qwZPlWhKSfSCwrw1M9RUhHTn2PDX+ZtcVNRqIaw==",
            "license": "BSD",
            "dependencies": {
                "dict": "^1.4.0",
                "heap": "^0.2.3",
                "Set": "^0.4.1"
            }
        },
        "node_modules/dict": {
            "version": "1.4.0",
            "resolved": "https://registry.npmjs.org/dict/-/dict-1.4.0.tgz",
            "integrity": "sha512-iJZcYCUwg0vDqo/CSc96qd08CKRagnQniCpcwfzGDuR/3fyilTFdS8/f0ft95aVGZkoQNuwgpTxs4FtD4jH5Fw==",
            "license": "WTFPL"
        },
        "node_modules/heap": {
            "version": "0.2.7",
            "resolved": "https://registry.npmjs.org/heap/-/heap-0.2.7.tgz",
            "integrity": "sha512-2bsegYkkHO+h/9MGbn6KWcE45cHZgPANo5LXF7EvWdT0yT2EguSVO1nDgU5c8+ZOPwp2vMNa7YFsJhVcDR9Sdg==",
            "license": "MIT"
        },
        "node_modules/Set": {
            "version": "0.4.1",
            "resolved": "https://registry.npmjs.org/Set/-/Set-0.4.1.tgz",
            "integrity": "sha512-+TXBAK+hDss1DqX7W5fGw0JuvGrtVwAHYGWgqe0MIWHH/U9HvBb9LsgNZ3TLZX8DaddBGRmCgoDuk7mnYgx8Dw==",
            "engines": {
                "node": "*"
            }
        },
        "node_modules/typescript": {
            "version": "5.9.3",
            "resolved": "https://registry.npmjs.org/typescript/-/typescript-5.9.3.tgz",
            "integrity": "sha512-jl1vZzPDinLr9eUt3J/t7V6FgNEw9QjvBPdysz9KfQDD41fQrC2Y4vKQdiaUpFT4bXlb1RHhLpp8wtm6M5TgSw==",
            "dev": true,
            "license": "Apache-2.0",
            "bin": {
                "tsc": "bin/tsc",
                "tsserver": "bin/tsserver"
            },
            "engines": {
                "node": ">=14.17"
            }
        },
        "node_modules/undici-types": {
            "version": "7.16.0",
            "resolved": "https://registry.npmjs.org/undici-types/-/undici-types-7.16.0.tgz",
            "integrity": "sha512-Zz+aZWSj8LE6zoxD+xrjh4VfkIG8Ya6LvYkZqtUQGJPZjYl53ypCaUwWqo7eI0x66KBGeRo+mlBEkMSeSZ38Nw==",
            "dev": true,
            "license": "MIT"
        }
    }
}
