{
  "name": "24",
  "version": "0.0.0",
  "lockfileVersion": 3,
  "requires": true,
  "packages": {
    "": {
      "name": "24",
      "version": "0.0.0",
      "license": "AGPL-3.0-or-later",
      "dependencies": {
        "a-star": "^0.2.0"
      }
    },
    "node_modules/a-star": {
      "version": "0.2.0",
      "resolved": "https://registry.npmjs.org/a-star/-/a-star-0.2.0.tgz",
      "integrity": "sha512-8tnUNOOneo7w5MnhQc9VuTAaVAWf+gg5j/bIm6QF77TmC40qwZPlWhKSfSCwrw1M9RUhHTn2PDX+ZtcVNRqIaw==",
      "dependencies": {
        "dict": "^1.4.0",
        "heap": "^0.2.3",
        "Set": "^0.4.1"
      }
    },
    "node_modules/dict": {
      "version": "1.4.0",
      "resolved": "https://registry.npmjs.org/dict/-/dict-1.4.0.tgz",
      "integrity": "sha512-iJZcYCUwg0vDqo/CSc96qd08CKRagnQniCpcwfzGDuR/3fyilTFdS8/f0ft95aVGZkoQNuwgpTxs4FtD4jH5Fw=="
    },
    "node_modules/heap": {
      "version": "0.2.7",
      "resolved": "https://registry.npmjs.org/heap/-/heap-0.2.7.tgz",
      "integrity": "sha512-2bsegYkkHO+h/9MGbn6KWcE45cHZgPANo5LXF7EvWdT0yT2EguSVO1nDgU5c8+ZOPwp2vMNa7YFsJhVcDR9Sdg=="
    },
    "node_modules/Set": {
      "version": "0.4.1",
      "resolved": "https://registry.npmjs.org/Set/-/Set-0.4.1.tgz",
      "integrity": "sha512-+TXBAK+hDss1DqX7W5fGw0JuvGrtVwAHYGWgqe0MIWHH/U9HvBb9LsgNZ3TLZX8DaddBGRmCgoDuk7mnYgx8Dw==",
      "engines": {
        "node": "*"
      }
    }
  }
}
